
Microsoft Visual Studio Solution File, Format Version 12.00
# Visual Studio Version 16
VisualStudioVersion = 16.0.31729.503
MinimumVisualStudioVersion = 10.0.40219.1
Project("{FAE04EC0-301F-11D3-BF4B-00C04F79EFBC}") = "WpfApp18_1", "WpfApp18_1\WpfApp18_1.csproj", "{74FA4756-4A8C-4C19-B4F8-3F8B29A4A83E}"
EndProject
Global
	GlobalSection(SolutionConfigurationPlatforms) = preSolution
		Debug|Any CPU = Debug|Any CPU
		Release|Any CPU = Release|Any CPU
	EndGlobalSection
	GlobalSection(ProjectConfigurationPlatforms) = postSolution
		{74FA4756-4A8C-4C19-B4F8-3F8B29A4A83E}.Debug|Any CPU.ActiveCfg = Debug|Any CPU
		{74FA4756-4A8C-4C19-B4F8-3F8B29A4A83E}.Debug|Any CPU.Build.0 = Debug|Any CPU
		{74FA4756-4A8C-4C19-B4F8-3F8B29A4A83E}.Release|Any CPU.ActiveCfg = Release|Any CPU
		{74FA4756-4A8C-4C19-B4F8-3F8B29A4A83E}.Release|Any CPU.Build.0 = Release|Any CPU
	EndGlobalSection
	GlobalSection(SolutionProperties) = preSolution
		HideSolutionNode = FALSE
	EndGlobalSection
	GlobalSection(ExtensibilityGlobals) = postSolution
		SolutionGuid = {181432CC-B211-494D-AD66-71FB6CDCE287}
	EndGlobalSection
EndGlobal
